
Microsoft Visual Studio Solution File, Format Version 12.00
# Visual Studio 15
VisualStudioVersion = 15.0.28307.168
MinimumVisualStudioVersion = 10.0.40219.1
Project("{FAE04EC0-301F-11D3-BF4B-00C04F79EFBC}") = "WorkflowProject", "WorkflowProject\WorkflowProject.csproj", "{993C8BEA-8A2C-468C-B115-910BD5ACF592}"
EndProject
Global
	GlobalSection(SolutionConfigurationPlatforms) = preSolution
		Debug|Any CPU = Debug|Any CPU
		Release|Any CPU = Release|Any CPU
	EndGlobalSection
	GlobalSection(ProjectConfigurationPlatforms) = postSolution
		{993C8BEA-8A2C-468C-B115-910BD5ACF592}.Debug|Any CPU.ActiveCfg = Debug|Any CPU
		{993C8BEA-8A2C-468C-B115-910BD5ACF592}.Debug|Any CPU.Build.0 = Debug|Any CPU
		{993C8BEA-8A2C-468C-B115-910BD5ACF592}.Release|Any CPU.ActiveCfg = Release|Any CPU
		{993C8BEA-8A2C-468C-B115-910BD5ACF592}.Release|Any CPU.Build.0 = Release|Any CPU
	EndGlobalSection
	GlobalSection(SolutionProperties) = preSolution
		HideSolutionNode = FALSE
	EndGlobalSection
	GlobalSection(ExtensibilityGlobals) = postSolution
		SolutionGuid = {33640494-21C3-4D10-99EE-606C7A13F97E}
	EndGlobalSection
EndGlobal
